
Microsoft Visual Studio Solution File, Format Version 12.00
Project("{2150E333-8FDC-42A3-9474-1A3956D46DE8}") = "Solutions Items", "Solutions Items", "{46150901-A6DE-45FB-B89D-6735E8A28982}"
	ProjectSection(SolutionItems) = preProject
		global.json = global.json
		.editorconfig = .editorconfig
		.gitignore = .gitignore
	EndProjectSection
EndProject
Project("{2150E333-8FDC-42A3-9474-1A3956D46DE8}") = "src", "src", "{B86DA843-E072-4616-9F81-9132186BF1B9}"
EndProject
Project("{2150E333-8FDC-42A3-9474-1A3956D46DE8}") = "tests", "tests", "{4A89D772-0FFF-4BF9-B9D2-DF79BB8CF943}"
EndProject
Project("{FAE04EC0-301F-11D3-BF4B-00C04F79EFBC}") = "Api", "src\Api\Api.csproj", "{84FE3D3C-A2BD-4D1A-947A-C30F3888A8F8}"
EndProject
Project("{FAE04EC0-301F-11D3-BF4B-00C04F79EFBC}") = "Application", "src\Application\Application.csproj", "{C3FE23C9-692B-4FC6-B06F-FF3AB86EF226}"
EndProject
Project("{FAE04EC0-301F-11D3-BF4B-00C04F79EFBC}") = "Common", "src\Common\Common.csproj", "{18C586FF-FBF3-49B2-9FC3-403577F8B5C7}"
EndProject
Project("{FAE04EC0-301F-11D3-BF4B-00C04F79EFBC}") = "Domain", "src\Domain\Domain.csproj", "{79DC8550-699F-4B4A-941C-77F83337045B}"
EndProject
Project("{FAE04EC0-301F-11D3-BF4B-00C04F79EFBC}") = "Infrastructure", "src\Infrastructure\Infrastructure.csproj", "{F291C88B-53D7-4C45-B888-70711705E6E0}"
EndProject
Project("{FAE04EC0-301F-11D3-BF4B-00C04F79EFBC}") = "UnitTests", "tests\UnitTests\UnitTests.csproj", "{F422D735-C88E-4910-BB58-BCC19B9EC7D0}"
EndProject
Project("{FAE04EC0-301F-11D3-BF4B-00C04F79EFBC}") = "IntegrationTests", "tests\IntegrationTests\IntegrationTests.csproj", "{53D63842-6A0D-4655-98E5-8E2C012A83CB}"
EndProject
Project("{2150E333-8FDC-42A3-9474-1A3956D46DE8}") = "Aspire", "Aspire", "{F0D516C9-6ABD-46E9-BA25-47FAFCA0F1EA}"
EndProject
Project("{FAE04EC0-301F-11D3-BF4B-00C04F79EFBC}") = "AppHost", "src\Aspire\AppHost\AppHost.csproj", "{85E7E47E-ECA7-476A-8FB6-D2F3D44B1570}"
EndProject
Project("{FAE04EC0-301F-11D3-BF4B-00C04F79EFBC}") = "ServiceDefaults", "src\Aspire\ServiceDefaults\ServiceDefaults.csproj", "{F3010BA3-6638-4438-A8C2-B7387B61F301}"
EndProject
Global
	GlobalSection(SolutionConfigurationPlatforms) = preSolution
		Debug|Any CPU = Debug|Any CPU
		Release|Any CPU = Release|Any CPU
	EndGlobalSection
	GlobalSection(NestedProjects) = preSolution
		{84FE3D3C-A2BD-4D1A-947A-C30F3888A8F8} = {B86DA843-E072-4616-9F81-9132186BF1B9}
		{C3FE23C9-692B-4FC6-B06F-FF3AB86EF226} = {B86DA843-E072-4616-9F81-9132186BF1B9}
		{18C586FF-FBF3-49B2-9FC3-403577F8B5C7} = {B86DA843-E072-4616-9F81-9132186BF1B9}
		{79DC8550-699F-4B4A-941C-77F83337045B} = {B86DA843-E072-4616-9F81-9132186BF1B9}
		{F291C88B-53D7-4C45-B888-70711705E6E0} = {B86DA843-E072-4616-9F81-9132186BF1B9}
		{F422D735-C88E-4910-BB58-BCC19B9EC7D0} = {4A89D772-0FFF-4BF9-B9D2-DF79BB8CF943}
		{53D63842-6A0D-4655-98E5-8E2C012A83CB} = {4A89D772-0FFF-4BF9-B9D2-DF79BB8CF943}
		{F0D516C9-6ABD-46E9-BA25-47FAFCA0F1EA} = {B86DA843-E072-4616-9F81-9132186BF1B9}
		{85E7E47E-ECA7-476A-8FB6-D2F3D44B1570} = {F0D516C9-6ABD-46E9-BA25-47FAFCA0F1EA}
		{F3010BA3-6638-4438-A8C2-B7387B61F301} = {F0D516C9-6ABD-46E9-BA25-47FAFCA0F1EA}
	EndGlobalSection
	GlobalSection(ProjectConfigurationPlatforms) = postSolution
		{84FE3D3C-A2BD-4D1A-947A-C30F3888A8F8}.Debug|Any CPU.ActiveCfg = Debug|Any CPU
		{84FE3D3C-A2BD-4D1A-947A-C30F3888A8F8}.Debug|Any CPU.Build.0 = Debug|Any CPU
		{84FE3D3C-A2BD-4D1A-947A-C30F3888A8F8}.Release|Any CPU.ActiveCfg = Release|Any CPU
		{84FE3D3C-A2BD-4D1A-947A-C30F3888A8F8}.Release|Any CPU.Build.0 = Release|Any CPU
		{C3FE23C9-692B-4FC6-B06F-FF3AB86EF226}.Debug|Any CPU.ActiveCfg = Debug|Any CPU
		{C3FE23C9-692B-4FC6-B06F-FF3AB86EF226}.Debug|Any CPU.Build.0 = Debug|Any CPU
		{C3FE23C9-692B-4FC6-B06F-FF3AB86EF226}.Release|Any CPU.ActiveCfg = Release|Any CPU
		{C3FE23C9-692B-4FC6-B06F-FF3AB86EF226}.Release|Any CPU.Build.0 = Release|Any CPU
		{18C586FF-FBF3-49B2-9FC3-403577F8B5C7}.Debug|Any CPU.ActiveCfg = Debug|Any CPU
		{18C586FF-FBF3-49B2-9FC3-403577F8B5C7}.Debug|Any CPU.Build.0 = Debug|Any CPU
		{18C586FF-FBF3-49B2-9FC3-403577F8B5C7}.Release|Any CPU.ActiveCfg = Release|Any CPU
		{18C586FF-FBF3-49B2-9FC3-403577F8B5C7}.Release|Any CPU.Build.0 = Release|Any CPU
		{79DC8550-699F-4B4A-941C-77F83337045B}.Debug|Any CPU.ActiveCfg = Debug|Any CPU
		{79DC8550-699F-4B4A-941C-77F83337045B}.Debug|Any CPU.Build.0 = Debug|Any CPU
		{79DC8550-699F-4B4A-941C-77F83337045B}.Release|Any CPU.ActiveCfg = Release|Any CPU
		{79DC8550-699F-4B4A-941C-77F83337045B}.Release|Any CPU.Build.0 = Release|Any CPU
		{F291C88B-53D7-4C45-B888-70711705E6E0}.Debug|Any CPU.ActiveCfg = Debug|Any CPU
		{F291C88B-53D7-4C45-B888-70711705E6E0}.Debug|Any CPU.Build.0 = Debug|Any CPU
		{F291C88B-53D7-4C45-B888-70711705E6E0}.Release|Any CPU.ActiveCfg = Release|Any CPU
		{F291C88B-53D7-4C45-B888-70711705E6E0}.Release|Any CPU.Build.0 = Release|Any CPU
		{F422D735-C88E-4910-BB58-BCC19B9EC7D0}.Debug|Any CPU.ActiveCfg = Debug|Any CPU
		{F422D735-C88E-4910-BB58-BCC19B9EC7D0}.Debug|Any CPU.Build.0 = Debug|Any CPU
		{F422D735-C88E-4910-BB58-BCC19B9EC7D0}.Release|Any CPU.ActiveCfg = Release|Any CPU
		{F422D735-C88E-4910-BB58-BCC19B9EC7D0}.Release|Any CPU.Build.0 = Release|Any CPU
		{53D63842-6A0D-4655-98E5-8E2C012A83CB}.Debug|Any CPU.ActiveCfg = Debug|Any CPU
		{53D63842-6A0D-4655-98E5-8E2C012A83CB}.Debug|Any CPU.Build.0 = Debug|Any CPU
		{53D63842-6A0D-4655-98E5-8E2C012A83CB}.Release|Any CPU.ActiveCfg = Release|Any CPU
		{53D63842-6A0D-4655-98E5-8E2C012A83CB}.Release|Any CPU.Build.0 = Release|Any CPU
		{85E7E47E-ECA7-476A-8FB6-D2F3D44B1570}.Debug|Any CPU.ActiveCfg = Debug|Any CPU
		{85E7E47E-ECA7-476A-8FB6-D2F3D44B1570}.Debug|Any CPU.Build.0 = Debug|Any CPU
		{85E7E47E-ECA7-476A-8FB6-D2F3D44B1570}.Release|Any CPU.ActiveCfg = Release|Any CPU
		{85E7E47E-ECA7-476A-8FB6-D2F3D44B1570}.Release|Any CPU.Build.0 = Release|Any CPU
		{F3010BA3-6638-4438-A8C2-B7387B61F301}.Debug|Any CPU.ActiveCfg = Debug|Any CPU
		{F3010BA3-6638-4438-A8C2-B7387B61F301}.Debug|Any CPU.Build.0 = Debug|Any CPU
		{F3010BA3-6638-4438-A8C2-B7387B61F301}.Release|Any CPU.ActiveCfg = Release|Any CPU
		{F3010BA3-6638-4438-A8C2-B7387B61F301}.Release|Any CPU.Build.0 = Release|Any CPU
	EndGlobalSection
EndGlobal
